// !$*UTF8*$!
{
	archiveVersion = 1;
	classes = {
	};
	objectVersion = 46;
	objects = {

/* Begin PBXBuildFile section */
		344F37A91C814BC6006063B6 /* main.m in Sources */ = {isa = PBXBuildFile; fileRef = 344F37A81C814BC6006063B6 /* main.m */; };
		344F37AC1C814BC6006063B6 /* AppDelegate.m in Sources */ = {isa = PBXBuildFile; fileRef = 344F37AB1C814BC6006063B6 /* AppDelegate.m */; };
		344F37B41C814BC6006063B6 /* Assets.xcassets in Resources */ = {isa = PBXBuildFile; fileRef = 344F37B31C814BC6006063B6 /* Assets.xcassets */; };
		344F37B71C814BC6006063B6 /* LaunchScreen.storyboard in Resources */ = {isa = PBXBuildFile; fileRef = 344F37B51C814BC6006063B6 /* LaunchScreen.storyboard */; };
		344F37BF1C814BE7006063B6 /* Main.storyboard in Resources */ = {isa = PBXBuildFile; fileRef = 344F37BE1C814BE7006063B6 /* Main.storyboard */; };
		344F37C51C814BF0006063B6 /* ViewController.m in Sources */ = {isa = PBXBuildFile; fileRef = 344F37C31C814BF0006063B6 /* ViewController.m */; };
		344F37E51C83D4C0006063B6 /* IPAlbumCell.m in Sources */ = {isa = PBXBuildFile; fileRef = 344F37DA1C83D4C0006063B6 /* IPAlbumCell.m */; };
		344F37E61C83D4C0006063B6 /* IPAlbumModel.m in Sources */ = {isa = PBXBuildFile; fileRef = 344F37DC1C83D4C0006063B6 /* IPAlbumModel.m */; };
		344F37E71C83D4C0006063B6 /* IPAlbumView.m in Sources */ = {isa = PBXBuildFile; fileRef = 344F37DE1C83D4C0006063B6 /* IPAlbumView.m */; };
		344F37E81C83D4C0006063B6 /* IPickerViewController.m in Sources */ = {isa = PBXBuildFile; fileRef = 344F37E01C83D4C0006063B6 /* IPickerViewController.m */; };
		344F37E91C83D4C0006063B6 /* IPImageCell.m in Sources */ = {isa = PBXBuildFile; fileRef = 344F37E21C83D4C0006063B6 /* IPImageCell.m */; };
		344F37ED1C83D508006063B6 /* IPTapDetectView.m in Sources */ = {isa = PBXBuildFile; fileRef = 344F37EC1C83D508006063B6 /* IPTapDetectView.m */; };
		344F37F01C83D530006063B6 /* IPTapDetectImageView.m in Sources */ = {isa = PBXBuildFile; fileRef = 344F37EF1C83D530006063B6 /* IPTapDetectImageView.m */; };
		344F37F31C83D62C006063B6 /* IPZoomScrollView.m in Sources */ = {isa = PBXBuildFile; fileRef = 344F37F21C83D62C006063B6 /* IPZoomScrollView.m */; };
		344F37F61C83DD47006063B6 /* IPAssetManager.m in Sources */ = {isa = PBXBuildFile; fileRef = 344F37F51C83DD47006063B6 /* IPAssetManager.m */; };
		344F3BD91C842444006063B6 /* IPImageReaderViewController.m in Sources */ = {isa = PBXBuildFile; fileRef = 344F3BD81C842444006063B6 /* IPImageReaderViewController.m */; };
		3453E6251CC8D99F004DAFDA /* IPAssetModel.m in Sources */ = {isa = PBXBuildFile; fileRef = 3453E6241CC8D99F004DAFDA /* IPAssetModel.m */; };
		3461FC9E1C86B99100FF3015 /* IPAlertView.m in Sources */ = {isa = PBXBuildFile; fileRef = 3461FC9D1C86B99100FF3015 /* IPAlertView.m */; };
		3488EE0A1D254703002C0FA3 /* IPCaptureProgressBar.m in Sources */ = {isa = PBXBuildFile; fileRef = 3488EE031D254703002C0FA3 /* IPCaptureProgressBar.m */; };
		3488EE0B1D254703002C0FA3 /* IPTooltipView.m in Sources */ = {isa = PBXBuildFile; fileRef = 3488EE051D254703002C0FA3 /* IPTooltipView.m */; };
		3488EE0C1D254703002C0FA3 /* IPVision.m in Sources */ = {isa = PBXBuildFile; fileRef = 3488EE071D254703002C0FA3 /* IPVision.m */; };
		3488EE0D1D254703002C0FA3 /* IPVisionUtilities.m in Sources */ = {isa = PBXBuildFile; fileRef = 3488EE091D254703002C0FA3 /* IPVisionUtilities.m */; };
		3488EE101D254727002C0FA3 /* IPTakeVideoViewController.m in Sources */ = {isa = PBXBuildFile; fileRef = 3488EE0F1D254727002C0FA3 /* IPTakeVideoViewController.m */; };
		34E40DA31CCB5EBF00DCC366 /* IP3DTouchPreviewVC.m in Sources */ = {isa = PBXBuildFile; fileRef = 34E40DA21CCB5EBF00DCC366 /* IP3DTouchPreviewVC.m */; };
/* End PBXBuildFile section */

/* Begin PBXFileReference section */
		344F37A41C814BC6006063B6 /* IPickerDemo.app */ = {isa = PBXFileReference; explicitFileType = wrapper.application; includeInIndex = 0; path = IPickerDemo.app; sourceTree = BUILT_PRODUCTS_DIR; };
		344F37A81C814BC6006063B6 /* main.m */ = {isa = PBXFileReference; lastKnownFileType = sourcecode.c.objc; path = main.m; sourceTree = "<group>"; };
		344F37AA1C814BC6006063B6 /* AppDelegate.h */ = {isa = PBXFileReference; lastKnownFileType = sourcecode.c.h; path = AppDelegate.h; sourceTree = "<group>"; };
		344F37AB1C814BC6006063B6 /* AppDelegate.m */ = {isa = PBXFileReference; lastKnownFileType = sourcecode.c.objc; path = AppDelegate.m; sourceTree = "<group>"; };
		344F37B31C814BC6006063B6 /* Assets.xcassets */ = {isa = PBXFileReference; lastKnownFileType = folder.assetcatalog; path = Assets.xcassets; sourceTree = "<group>"; };
		344F37B61C814BC6006063B6 /* Base */ = {isa = PBXFileReference; lastKnownFileType = file.storyboard; name = Base; path = Base.lproj/LaunchScreen.storyboard; sourceTree = "<group>"; };
		344F37B81C814BC6006063B6 /* Info.plist */ = {isa = PBXFileReference; lastKnownFileType = text.plist.xml; path = Info.plist; sourceTree = "<group>"; };
		344F37BE1C814BE7006063B6 /* Main.storyboard */ = {isa = PBXFileReference; fileEncoding = 4; lastKnownFileType = file.storyboard; path = Main.storyboard; sourceTree = "<group>"; };
		344F37C21C814BF0006063B6 /* ViewController.h */ = {isa = PBXFileReference; fileEncoding = 4; lastKnownFileType = sourcecode.c.h; path = ViewController.h; sourceTree = "<group>"; };
		344F37C31C814BF0006063B6 /* ViewController.m */ = {isa = PBXFileReference; fileEncoding = 4; lastKnownFileType = sourcecode.c.objc; path = ViewController.m; sourceTree = "<group>"; };
		344F37D91C83D4C0006063B6 /* IPAlbumCell.h */ = {isa = PBXFileReference; fileEncoding = 4; lastKnownFileType = sourcecode.c.h; path = IPAlbumCell.h; sourceTree = "<group>"; };
		344F37DA1C83D4C0006063B6 /* IPAlbumCell.m */ = {isa = PBXFileReference; fileEncoding = 4; lastKnownFileType = sourcecode.c.objc; path = IPAlbumCell.m; sourceTree = "<group>"; };
		344F37DB1C83D4C0006063B6 /* IPAlbumModel.h */ = {isa = PBXFileReference; fileEncoding = 4; lastKnownFileType = sourcecode.c.h; path = IPAlbumModel.h; sourceTree = "<group>"; };
		344F37DC1C83D4C0006063B6 /* IPAlbumModel.m */ = {isa = PBXFileReference; fileEncoding = 4; lastKnownFileType = sourcecode.c.objc; path = IPAlbumModel.m; sourceTree = "<group>"; };
		344F37DD1C83D4C0006063B6 /* IPAlbumView.h */ = {isa = PBXFileReference; fileEncoding = 4; lastKnownFileType = sourcecode.c.h; path = IPAlbumView.h; sourceTree = "<group>"; };
		344F37DE1C83D4C0006063B6 /* IPAlbumView.m */ = {isa = PBXFileReference; fileEncoding = 4; lastKnownFileType = sourcecode.c.objc; path = IPAlbumView.m; sourceTree = "<group>"; };
		344F37DF1C83D4C0006063B6 /* IPickerViewController.h */ = {isa = PBXFileReference; fileEncoding = 4; lastKnownFileType = sourcecode.c.h; path = IPickerViewController.h; sourceTree = "<group>"; };
		344F37E01C83D4C0006063B6 /* IPickerViewController.m */ = {isa = PBXFileReference; fileEncoding = 4; lastKnownFileType = sourcecode.c.objc; path = IPickerViewController.m; sourceTree = "<group>"; };
		344F37E11C83D4C0006063B6 /* IPImageCell.h */ = {isa = PBXFileReference; fileEncoding = 4; lastKnownFileType = sourcecode.c.h; path = IPImageCell.h; sourceTree = "<group>"; };
		344F37E21C83D4C0006063B6 /* IPImageCell.m */ = {isa = PBXFileReference; fileEncoding = 4; lastKnownFileType = sourcecode.c.objc; path = IPImageCell.m; sourceTree = "<group>"; };
		344F37EB1C83D508006063B6 /* IPTapDetectView.h */ = {isa = PBXFileReference; fileEncoding = 4; lastKnownFileType = sourcecode.c.h; path = IPTapDetectView.h; sourceTree = "<group>"; };
		344F37EC1C83D508006063B6 /* IPTapDetectView.m */ = {isa = PBXFileReference; fileEncoding = 4; lastKnownFileType = sourcecode.c.objc; path = IPTapDetectView.m; sourceTree = "<group>"; };
		344F37EE1C83D530006063B6 /* IPTapDetectImageView.h */ = {isa = PBXFileReference; fileEncoding = 4; lastKnownFileType = sourcecode.c.h; path = IPTapDetectImageView.h; sourceTree = "<group>"; };
		344F37EF1C83D530006063B6 /* IPTapDetectImageView.m */ = {isa = PBXFileReference; fileEncoding = 4; lastKnownFileType = sourcecode.c.objc; path = IPTapDetectImageView.m; sourceTree = "<group>"; };
		344F37F11C83D62C006063B6 /* IPZoomScrollView.h */ = {isa = PBXFileReference; fileEncoding = 4; lastKnownFileType = sourcecode.c.h; path = IPZoomScrollView.h; sourceTree = "<group>"; };
		344F37F21C83D62C006063B6 /* IPZoomScrollView.m */ = {isa = PBXFileReference; fileEncoding = 4; lastKnownFileType = sourcecode.c.objc; path = IPZoomScrollView.m; sourceTree = "<group>"; };
		344F37F41C83DD47006063B6 /* IPAssetManager.h */ = {isa = PBXFileReference; fileEncoding = 4; lastKnownFileType = sourcecode.c.h; path = IPAssetManager.h; sourceTree = "<group>"; };
		344F37F51C83DD47006063B6 /* IPAssetManager.m */ = {isa = PBXFileReference; fileEncoding = 4; lastKnownFileType = sourcecode.c.objc; path = IPAssetManager.m; sourceTree = "<group>"; };
		344F3BD71C842444006063B6 /* IPImageReaderViewController.h */ = {isa = PBXFileReference; fileEncoding = 4; lastKnownFileType = sourcecode.c.h; path = IPImageReaderViewController.h; sourceTree = "<group>"; };
		344F3BD81C842444006063B6 /* IPImageReaderViewController.m */ = {isa = PBXFileReference; fileEncoding = 4; lastKnownFileType = sourcecode.c.objc; path = IPImageReaderViewController.m; sourceTree = "<group>"; };
		3453E6231CC8D99F004DAFDA /* IPAssetModel.h */ = {isa = PBXFileReference; fileEncoding = 4; lastKnownFileType = sourcecode.c.h; path = IPAssetModel.h; sourceTree = "<group>"; };
		3453E6241CC8D99F004DAFDA /* IPAssetModel.m */ = {isa = PBXFileReference; fileEncoding = 4; lastKnownFileType = sourcecode.c.objc; path = IPAssetModel.m; sourceTree = "<group>"; };
		3461FC9C1C86B99100FF3015 /* IPAlertView.h */ = {isa = PBXFileReference; fileEncoding = 4; lastKnownFileType = sourcecode.c.h; path = IPAlertView.h; sourceTree = "<group>"; };
		3461FC9D1C86B99100FF3015 /* IPAlertView.m */ = {isa = PBXFileReference; fileEncoding = 4; lastKnownFileType = sourcecode.c.objc; path = IPAlertView.m; sourceTree = "<group>"; };
		3488EE021D254703002C0FA3 /* IPCaptureProgressBar.h */ = {isa = PBXFileReference; fileEncoding = 4; lastKnownFileType = sourcecode.c.h; path = IPCaptureProgressBar.h; sourceTree = "<group>"; };
		3488EE031D254703002C0FA3 /* IPCaptureProgressBar.m */ = {isa = PBXFileReference; fileEncoding = 4; lastKnownFileType = sourcecode.c.objc; path = IPCaptureProgressBar.m; sourceTree = "<group>"; };
		3488EE041D254703002C0FA3 /* IPTooltipView.h */ = {isa = PBXFileReference; fileEncoding = 4; lastKnownFileType = sourcecode.c.h; path = IPTooltipView.h; sourceTree = "<group>"; };
		3488EE051D254703002C0FA3 /* IPTooltipView.m */ = {isa = PBXFileReference; fileEncoding = 4; lastKnownFileType = sourcecode.c.objc; path = IPTooltipView.m; sourceTree = "<group>"; };
		3488EE061D254703002C0FA3 /* IPVision.h */ = {isa = PBXFileReference; fileEncoding = 4; lastKnownFileType = sourcecode.c.h; path = IPVision.h; sourceTree = "<group>"; };
		3488EE071D254703002C0FA3 /* IPVision.m */ = {isa = PBXFileReference; fileEncoding = 4; lastKnownFileType = sourcecode.c.objc; path = IPVision.m; sourceTree = "<group>"; };
		3488EE081D254703002C0FA3 /* IPVisionUtilities.h */ = {isa = PBXFileReference; fileEncoding = 4; lastKnownFileType = sourcecode.c.h; path = IPVisionUtilities.h; sourceTree = "<group>"; };
		3488EE091D254703002C0FA3 /* IPVisionUtilities.m */ = {isa = PBXFileReference; fileEncoding = 4; lastKnownFileType = sourcecode.c.objc; path = IPVisionUtilities.m; sourceTree = "<group>"; };
		3488EE0E1D254727002C0FA3 /* IPTakeVideoViewController.h */ = {isa = PBXFileReference; fileEncoding = 4; lastKnownFileType = sourcecode.c.h; path = IPTakeVideoViewController.h; sourceTree = "<group>"; };
		3488EE0F1D254727002C0FA3 /* IPTakeVideoViewController.m */ = {isa = PBXFileReference; fileEncoding = 4; lastKnownFileType = sourcecode.c.objc; path = IPTakeVideoViewController.m; sourceTree = "<group>"; };
		34E40DA11CCB5EBF00DCC366 /* IP3DTouchPreviewVC.h */ = {isa = PBXFileReference; fileEncoding = 4; lastKnownFileType = sourcecode.c.h; path = IP3DTouchPreviewVC.h; sourceTree = "<group>"; };
		34E40DA21CCB5EBF00DCC366 /* IP3DTouchPreviewVC.m */ = {isa = PBXFileReference; fileEncoding = 4; lastKnownFileType = sourcecode.c.objc; path = IP3DTouchPreviewVC.m; sourceTree = "<group>"; };
/* End PBXFileReference section */

/* Begin PBXFrameworksBuildPhase section */
		344F37A11C814BC6006063B6 /* Frameworks */ = {
			isa = PBXFrameworksBuildPhase;
			buildActionMask = 2147483647;
			files = (
			);
			runOnlyForDeploymentPostprocessing = 0;
		};
/* End PBXFrameworksBuildPhase section */

/* Begin PBXGroup section */
		344F379B1C814BC6006063B6 = {
			isa = PBXGroup;
			children = (
				344F37A61C814BC6006063B6 /* IPickerDemo */,
				344F37A51C814BC6006063B6 /* Products */,
			);
			sourceTree = "<group>";
		};
		344F37A51C814BC6006063B6 /* Products */ = {
			isa = PBXGroup;
			children = (
				344F37A41C814BC6006063B6 /* IPickerDemo.app */,
			);
			name = Products;
			sourceTree = "<group>";
		};
		344F37A61C814BC6006063B6 /* IPickerDemo */ = {
			isa = PBXGroup;
			children = (
				344F37AA1C814BC6006063B6 /* AppDelegate.h */,
				344F37AB1C814BC6006063B6 /* AppDelegate.m */,
				344F37C21C814BF0006063B6 /* ViewController.h */,
				344F37C31C814BF0006063B6 /* ViewController.m */,
				344F37BE1C814BE7006063B6 /* Main.storyboard */,
				344F37D81C83D4C0006063B6 /* ImagePicker */,
				344F37B31C814BC6006063B6 /* Assets.xcassets */,
				344F37B51C814BC6006063B6 /* LaunchScreen.storyboard */,
				344F37B81C814BC6006063B6 /* Info.plist */,
				344F37A71C814BC6006063B6 /* Supporting Files */,
			);
			path = IPickerDemo;
			sourceTree = "<group>";
		};
		344F37A71C814BC6006063B6 /* Supporting Files */ = {
			isa = PBXGroup;
			children = (
				344F37A81C814BC6006063B6 /* main.m */,
			);
			name = "Supporting Files";
			sourceTree = "<group>";
		};
		344F37D81C83D4C0006063B6 /* ImagePicker */ = {
			isa = PBXGroup;
			children = (
				3453E6231CC8D99F004DAFDA /* IPAssetModel.h */,
				3453E6241CC8D99F004DAFDA /* IPAssetModel.m */,
				344F37D91C83D4C0006063B6 /* IPAlbumCell.h */,
				344F37DA1C83D4C0006063B6 /* IPAlbumCell.m */,
				344F37DB1C83D4C0006063B6 /* IPAlbumModel.h */,
				344F37DC1C83D4C0006063B6 /* IPAlbumModel.m */,
				344F37DD1C83D4C0006063B6 /* IPAlbumView.h */,
				344F37DE1C83D4C0006063B6 /* IPAlbumView.m */,
				344F37DF1C83D4C0006063B6 /* IPickerViewController.h */,
				344F37E01C83D4C0006063B6 /* IPickerViewController.m */,
				34E40DA11CCB5EBF00DCC366 /* IP3DTouchPreviewVC.h */,
				34E40DA21CCB5EBF00DCC366 /* IP3DTouchPreviewVC.m */,
				344F3BD71C842444006063B6 /* IPImageReaderViewController.h */,
				344F3BD81C842444006063B6 /* IPImageReaderViewController.m */,
				3461FC9C1C86B99100FF3015 /* IPAlertView.h */,
				3461FC9D1C86B99100FF3015 /* IPAlertView.m */,
				344F37E11C83D4C0006063B6 /* IPImageCell.h */,
				344F37E21C83D4C0006063B6 /* IPImageCell.m */,
				344F37EB1C83D508006063B6 /* IPTapDetectView.h */,
				344F37EC1C83D508006063B6 /* IPTapDetectView.m */,
				344F37EE1C83D530006063B6 /* IPTapDetectImageView.h */,
				344F37EF1C83D530006063B6 /* IPTapDetectImageView.m */,
				344F37F11C83D62C006063B6 /* IPZoomScrollView.h */,
				344F37F21C83D62C006063B6 /* IPZoomScrollView.m */,
				344F37F41C83DD47006063B6 /* IPAssetManager.h */,
				344F37F51C83DD47006063B6 /* IPAssetManager.m */,
				3488EE011D254703002C0FA3 /* IPVision */,
			);
			path = ImagePicker;
			sourceTree = "<group>";
		};
		3488EE011D254703002C0FA3 /* IPVision */ = {
			isa = PBXGroup;
			children = (
				3488EE0E1D254727002C0FA3 /* IPTakeVideoViewController.h */,
				3488EE0F1D254727002C0FA3 /* IPTakeVideoViewController.m */,
				3488EE021D254703002C0FA3 /* IPCaptureProgressBar.h */,
				3488EE031D254703002C0FA3 /* IPCaptureProgressBar.m */,
				3488EE041D254703002C0FA3 /* IPTooltipView.h */,
				3488EE051D254703002C0FA3 /* IPTooltipView.m */,
				3488EE061D254703002C0FA3 /* IPVision.h */,
				3488EE071D254703002C0FA3 /* IPVision.m */,
				3488EE081D254703002C0FA3 /* IPVisionUtilities.h */,
				3488EE091D254703002C0FA3 /* IPVisionUtilities.m */,
			);
			path = IPVision;
			sourceTree = "<group>";
		};
/* End PBXGroup section */

/* Begin PBXNativeTarget section */
		344F37A31C814BC6006063B6 /* IPickerDemo */ = {
			isa = PBXNativeTarget;
			buildConfigurationList = 344F37BB1C814BC6006063B6 /* Build configuration list for PBXNativeTarget "IPickerDemo" */;
			buildPhases = (
				344F37A01C814BC6006063B6 /* Sources */,
				344F37A11C814BC6006063B6 /* Frameworks */,
				344F37A21C814BC6006063B6 /* Resources */,
			);
			buildRules = (
			);
			dependencies = (
			);
			name = IPickerDemo;
			productName = IPickerDemo;
			productReference = 344F37A41C814BC6006063B6 /* IPickerDemo.app */;
			productType = "com.apple.product-type.application";
		};
/* End PBXNativeTarget section */

/* Begin PBXProject section */
		344F379C1C814BC6006063B6 /* Project object */ = {
			isa = PBXProject;
			attributes = {
				LastUpgradeCheck = 0720;
				ORGANIZATIONNAME = JL;
				TargetAttributes = {
					344F37A31C814BC6006063B6 = {
						CreatedOnToolsVersion = 7.2.1;
						DevelopmentTeam = NVAFMDWZJC;
					};
				};
			};
			buildConfigurationList = 344F379F1C814BC6006063B6 /* Build configuration list for PBXProject "IPickerDemo" */;
			compatibilityVersion = "Xcode 3.2";
			developmentRegion = English;
			hasScannedForEncodings = 0;
			knownRegions = (
				en,
				Base,
			);
			mainGroup = 344F379B1C814BC6006063B6;
			productRefGroup = 344F37A51C814BC6006063B6 /* Products */;
			projectDirPath = "";
			projectRoot = "";
			targets = (
				344F37A31C814BC6006063B6 /* IPickerDemo */,
			);
		};
/* End PBXProject section */

/* Begin PBXResourcesBuildPhase section */
		344F37A21C814BC6006063B6 /* Resources */ = {
			isa = PBXResourcesBuildPhase;
			buildActionMask = 2147483647;
			files = (
				344F37BF1C814BE7006063B6 /* Main.storyboard in Resources */,
				344F37B71C814BC6006063B6 /* LaunchScreen.storyboard in Resources */,
				344F37B41C814BC6006063B6 /* Assets.xcassets in Resources */,
			);
			runOnlyForDeploymentPostprocessing = 0;
		};
/* End PBXResourcesBuildPhase section */

/* Begin PBXSourcesBuildPhase section */
		344F37A01C814BC6006063B6 /* Sources */ = {
			isa = PBXSourcesBuildPhase;
			buildActionMask = 2147483647;
			files = (
				34E40DA31CCB5EBF00DCC366 /* IP3DTouchPreviewVC.m in Sources */,
				344F3BD91C842444006063B6 /* IPImageReaderViewController.m in Sources */,
				344F37ED1C83D508006063B6 /* IPTapDetectView.m in Sources */,
				3488EE101D254727002C0FA3 /* IPTakeVideoViewController.m in Sources */,
				344F37AC1C814BC6006063B6 /* AppDelegate.m in Sources */,
				3488EE0A1D254703002C0FA3 /* IPCaptureProgressBar.m in Sources */,
				344F37C51C814BF0006063B6 /* ViewController.m in Sources */,
				344F37E61C83D4C0006063B6 /* IPAlbumModel.m in Sources */,
				344F37E51C83D4C0006063B6 /* IPAlbumCell.m in Sources */,
				344F37E91C83D4C0006063B6 /* IPImageCell.m in Sources */,
				3488EE0D1D254703002C0FA3 /* IPVisionUtilities.m in Sources */,
				344F37A91C814BC6006063B6 /* main.m in Sources */,
				3488EE0C1D254703002C0FA3 /* IPVision.m in Sources */,
				344F37F61C83DD47006063B6 /* IPAssetManager.m in Sources */,
				344F37E81C83D4C0006063B6 /* IPickerViewController.m in Sources */,
				3453E6251CC8D99F004DAFDA /* IPAssetModel.m in Sources */,
				3488EE0B1D254703002C0FA3 /* IPTooltipView.m in Sources */,
				344F37F31C83D62C006063B6 /* IPZoomScrollView.m in Sources */,
				344F37F01C83D530006063B6 /* IPTapDetectImageView.m in Sources */,
				344F37E71C83D4C0006063B6 /* IPAlbumView.m in Sources */,
				3461FC9E1C86B99100FF3015 /* IPAlertView.m in Sources */,
			);
			runOnlyForDeploymentPostprocessing = 0;
		};
/* End PBXSourcesBuildPhase section */

/* Begin PBXVariantGroup section */
		344F37B51C814BC6006063B6 /* LaunchScreen.storyboard */ = {
			isa = PBXVariantGroup;
			children = (
				344F37B61C814BC6006063B6 /* Base */,
			);
			name = LaunchScreen.storyboard;
			sourceTree = "<group>";
		};
/* End PBXVariantGroup section */

/* Begin XCBuildConfiguration section */
		344F37B91C814BC6006063B6 /* Debug */ = {
			isa = XCBuildConfiguration;
			buildSettings = {
				ALWAYS_SEARCH_USER_PATHS = NO;
				CLANG_CXX_LANGUAGE_STANDARD = "gnu++0x";
				CLANG_CXX_LIBRARY = "libc++";
				CLANG_ENABLE_MODULES = YES;
				CLANG_ENABLE_OBJC_ARC = YES;
				CLANG_WARN_BOOL_CONVERSION = YES;
				CLANG_WARN_CONSTANT_CONVERSION = YES;
				CLANG_WARN_DIRECT_OBJC_ISA_USAGE = YES_ERROR;
				CLANG_WARN_EMPTY_BODY = YES;
				CLANG_WARN_ENUM_CONVERSION = YES;
				CLANG_WARN_INT_CONVERSION = YES;
				CLANG_WARN_OBJC_ROOT_CLASS = YES_ERROR;
				CLANG_WARN_UNREACHABLE_CODE = YES;
				CLANG_WARN__DUPLICATE_METHOD_MATCH = YES;
				"CODE_SIGN_IDENTITY[sdk=iphoneos*]" = "iPhone Developer";
				COPY_PHASE_STRIP = NO;
				DEBUG_INFORMATION_FORMAT = dwarf;
				ENABLE_STRICT_OBJC_MSGSEND = YES;
				ENABLE_TESTABILITY = YES;
				GCC_C_LANGUAGE_STANDARD = gnu99;
				GCC_DYNAMIC_NO_PIC = NO;
				GCC_NO_COMMON_BLOCKS = YES;
				GCC_OPTIMIZATION_LEVEL = 0;
				GCC_PREPROCESSOR_DEFINITIONS = (
					"DEBUG=1",
					"$(inherited)",
				);
				GCC_WARN_64_TO_32_BIT_CONVERSION = YES;
				GCC_WARN_ABOUT_RETURN_TYPE = YES_ERROR;
				GCC_WARN_UNDECLARED_SELECTOR = YES;
				GCC_WARN_UNINITIALIZED_AUTOS = YES_AGGRESSIVE;
				GCC_WARN_UNUSED_FUNCTION = YES;
				GCC_WARN_UNUSED_VARIABLE = YES;
				IPHONEOS_DEPLOYMENT_TARGET = 9.2;
				MTL_ENABLE_DEBUG_INFO = YES;
				ONLY_ACTIVE_ARCH = YES;
				SDKROOT = iphoneos;
			};
			name = Debug;
		};
		344F37BA1C814BC6006063B6 /* Release */ = {
			isa = XCBuildConfiguration;
			buildSettings = {
				ALWAYS_SEARCH_USER_PATHS = NO;
				CLANG_CXX_LANGUAGE_STANDARD = "gnu++0x";
				CLANG_CXX_LIBRARY = "libc++";
				CLANG_ENABLE_MODULES = YES;
				CLANG_ENABLE_OBJC_ARC = YES;
				CLANG_WARN_BOOL_CONVERSION = YES;
				CLANG_WARN_CONSTANT_CONVERSION = YES;
				CLANG_WARN_DIRECT_OBJC_ISA_USAGE = YES_ERROR;
				CLANG_WARN_EMPTY_BODY = YES;
				CLANG_WARN_ENUM_CONVERSION = YES;
				CLANG_WARN_INT_CONVERSION = YES;
				CLANG_WARN_OBJC_ROOT_CLASS = YES_ERROR;
				CLANG_WARN_UNREACHABLE_CODE = YES;
				CLANG_WARN__DUPLICATE_METHOD_MATCH = YES;
				"CODE_SIGN_IDENTITY[sdk=iphoneos*]" = "iPhone Developer";
				COPY_PHASE_STRIP = NO;
				DEBUG_INFORMATION_FORMAT = "dwarf-with-dsym";
				ENABLE_NS_ASSERTIONS = NO;
				ENABLE_STRICT_OBJC_MSGSEND = YES;
				GCC_C_LANGUAGE_STANDARD = gnu99;
				GCC_NO_COMMON_BLOCKS = YES;
				GCC_WARN_64_TO_32_BIT_CONVERSION = YES;
				GCC_WARN_ABOUT_RETURN_TYPE = YES_ERROR;
				GCC_WARN_UNDECLARED_SELECTOR = YES;
				GCC_WARN_UNINITIALIZED_AUTOS = YES_AGGRESSIVE;
				GCC_WARN_UNUSED_FUNCTION = YES;
				GCC_WARN_UNUSED_VARIABLE = YES;
				IPHONEOS_DEPLOYMENT_TARGET = 9.2;
				MTL_ENABLE_DEBUG_INFO = NO;
				SDKROOT = iphoneos;
				VALIDATE_PRODUCT = YES;
			};
			name = Release;
		};
		344F37BC1C814BC6006063B6 /* Debug */ = {
			isa = XCBuildConfiguration;
			buildSettings = {
				ASSETCATALOG_COMPILER_APPICON_NAME = AppIcon;
				CODE_SIGN_IDENTITY = "iPhone Developer";
				INFOPLIST_FILE = IPickerDemo/Info.plist;
				IPHONEOS_DEPLOYMENT_TARGET = 6.0;
				LD_RUNPATH_SEARCH_PATHS = "$(inherited) @executable_path/Frameworks";
				PRODUCT_BUNDLE_IDENTIFIER = com.jl.cn;
				PRODUCT_NAME = "$(TARGET_NAME)";
			};
			name = Debug;
		};
		344F37BD1C814BC6006063B6 /* Release */ = {
			isa = XCBuildConfiguration;
			buildSettings = {
				ASSETCATALOG_COMPILER_APPICON_NAME = AppIcon;
				CODE_SIGN_IDENTITY = "iPhone Developer";
				INFOPLIST_FILE = IPickerDemo/Info.plist;
				IPHONEOS_DEPLOYMENT_TARGET = 6.0;
				LD_RUNPATH_SEARCH_PATHS = "$(inherited) @executable_path/Frameworks";
				PRODUCT_BUNDLE_IDENTIFIER = com.jl.cn;
				PRODUCT_NAME = "$(TARGET_NAME)";
			};
			name = Release;
		};
/* End XCBuildConfiguration section */

/* Begin XCConfigurationList section */
		344F379F1C814BC6006063B6 /* Build configuration list for PBXProject "IPickerDemo" */ = {
			isa = XCConfigurationList;
			buildConfigurations = (
				344F37B91C814BC6006063B6 /* Debug */,
				344F37BA1C814BC6006063B6 /* Release */,
			);
			defaultConfigurationIsVisible = 0;
			defaultConfigurationName = Release;
		};
		344F37BB1C814BC6006063B6 /* Build configuration list for PBXNativeTarget "IPickerDemo" */ = {
			isa = XCConfigurationList;
			buildConfigurations = (
				344F37BC1C814BC6006063B6 /* Debug */,
				344F37BD1C814BC6006063B6 /* Release */,
			);
			defaultConfigurationIsVisible = 0;
			defaultConfigurationName = Release;
		};
/* End XCConfigurationList section */
	};
	rootObject = 344F379C1C814BC6006063B6 /* Project object */;
}
